// !$*UTF8*$!
{
	archiveVersion = 1;
	classes = {
	};
	objectVersion = 55;
	objects = {

/* Begin PBXBuildFile section */
		21D3C1512790834A007CC3D3 /* SwiftUI_Students_ClassApp.swift in Sources */ = {isa = PBXBuildFile; fileRef = 21D3C1502790834A007CC3D3 /* SwiftUI_Students_ClassApp.swift */; };
		21D3C1532790834A007CC3D3 /* ContentView.swift in Sources */ = {isa = PBXBuildFile; fileRef = 21D3C1522790834A007CC3D3 /* ContentView.swift */; };
		21D3C1552790834E007CC3D3 /* Assets.xcassets in Resources */ = {isa = PBXBuildFile; fileRef = 21D3C1542790834E007CC3D3 /* Assets.xcassets */; };
		21D3C1582790834E007CC3D3 /* Preview Assets.xcassets in Resources */ = {isa = PBXBuildFile; fileRef = 21D3C1572790834E007CC3D3 /* Preview Assets.xcassets */; };
		21D3C15F2790903C007CC3D3 /* Student.swift in Sources */ = {isa = PBXBuildFile; fileRef = 21D3C15E2790903C007CC3D3 /* Student.swift */; };
		21D3C161279090D3007CC3D3 /* StudentRow.swift in Sources */ = {isa = PBXBuildFile; fileRef = 21D3C160279090D3007CC3D3 /* StudentRow.swift */; };
		21D3C1652790929E007CC3D3 /* StudentList.swift in Sources */ = {isa = PBXBuildFile; fileRef = 21D3C1642790929E007CC3D3 /* StudentList.swift */; };
		21D3C1672790A00C007CC3D3 /* StudentView.swift in Sources */ = {isa = PBXBuildFile; fileRef = 21D3C1662790A00C007CC3D3 /* StudentView.swift */; };
		21D3C1692790A3A8007CC3D3 /* StudentListViewModel.swift in Sources */ = {isa = PBXBuildFile; fileRef = 21D3C1682790A3A8007CC3D3 /* StudentListViewModel.swift */; };
		21D3C16B2790A4DD007CC3D3 /* CombineTest.swift in Sources */ = {isa = PBXBuildFile; fileRef = 21D3C16A2790A4DD007CC3D3 /* CombineTest.swift */; };
/* End PBXBuildFile section */

/* Begin PBXFileReference section */
		21D3C14D2790834A007CC3D3 /* SwiftUI.Students.Class.app */ = {isa = PBXFileReference; explicitFileType = wrapper.application; includeInIndex = 0; path = SwiftUI.Students.Class.app; sourceTree = BUILT_PRODUCTS_DIR; };
		21D3C1502790834A007CC3D3 /* SwiftUI_Students_ClassApp.swift */ = {isa = PBXFileReference; lastKnownFileType = sourcecode.swift; path = SwiftUI_Students_ClassApp.swift; sourceTree = "<group>"; };
		21D3C1522790834A007CC3D3 /* ContentView.swift */ = {isa = PBXFileReference; lastKnownFileType = sourcecode.swift; path = ContentView.swift; sourceTree = "<group>"; };
		21D3C1542790834E007CC3D3 /* Assets.xcassets */ = {isa = PBXFileReference; lastKnownFileType = folder.assetcatalog; path = Assets.xcassets; sourceTree = "<group>"; };
		21D3C1572790834E007CC3D3 /* Preview Assets.xcassets */ = {isa = PBXFileReference; lastKnownFileType = folder.assetcatalog; path = "Preview Assets.xcassets"; sourceTree = "<group>"; };
		21D3C15E2790903C007CC3D3 /* Student.swift */ = {isa = PBXFileReference; lastKnownFileType = sourcecode.swift; path = Student.swift; sourceTree = "<group>"; };
		21D3C160279090D3007CC3D3 /* StudentRow.swift */ = {isa = PBXFileReference; lastKnownFileType = sourcecode.swift; path = StudentRow.swift; sourceTree = "<group>"; };
		21D3C1642790929E007CC3D3 /* StudentList.swift */ = {isa = PBXFileReference; lastKnownFileType = sourcecode.swift; path = StudentList.swift; sourceTree = "<group>"; };
		21D3C1662790A00C007CC3D3 /* StudentView.swift */ = {isa = PBXFileReference; lastKnownFileType = sourcecode.swift; path = StudentView.swift; sourceTree = "<group>"; };
		21D3C1682790A3A8007CC3D3 /* StudentListViewModel.swift */ = {isa = PBXFileReference; lastKnownFileType = sourcecode.swift; path = StudentListViewModel.swift; sourceTree = "<group>"; };
		21D3C16A2790A4DD007CC3D3 /* CombineTest.swift */ = {isa = PBXFileReference; lastKnownFileType = sourcecode.swift; path = CombineTest.swift; sourceTree = "<group>"; };
/* End PBXFileReference section */

/* Begin PBXFrameworksBuildPhase section */
		21D3C14A2790834A007CC3D3 /* Frameworks */ = {
			isa = PBXFrameworksBuildPhase;
			buildActionMask = 2147483647;
			files = (
			);
			runOnlyForDeploymentPostprocessing = 0;
		};
/* End PBXFrameworksBuildPhase section */

/* Begin PBXGroup section */
		21D3C1442790834A007CC3D3 = {
			isa = PBXGroup;
			children = (
				21D3C14F2790834A007CC3D3 /* SwiftUI.Students.Class */,
				21D3C14E2790834A007CC3D3 /* Products */,
			);
			sourceTree = "<group>";
		};
		21D3C14E2790834A007CC3D3 /* Products */ = {
			isa = PBXGroup;
			children = (
				21D3C14D2790834A007CC3D3 /* SwiftUI.Students.Class.app */,
			);
			name = Products;
			sourceTree = "<group>";
		};
		21D3C14F2790834A007CC3D3 /* SwiftUI.Students.Class */ = {
			isa = PBXGroup;
			children = (
				21D3C1502790834A007CC3D3 /* SwiftUI_Students_ClassApp.swift */,
				21D3C16227909269007CC3D3 /* Views */,
				21D3C16327909270007CC3D3 /* Model */,
				21D3C1542790834E007CC3D3 /* Assets.xcassets */,
				21D3C1562790834E007CC3D3 /* Preview Content */,
			);
			path = SwiftUI.Students.Class;
			sourceTree = "<group>";
		};
		21D3C1562790834E007CC3D3 /* Preview Content */ = {
			isa = PBXGroup;
			children = (
				21D3C1572790834E007CC3D3 /* Preview Assets.xcassets */,
			);
			path = "Preview Content";
			sourceTree = "<group>";
		};
		21D3C16227909269007CC3D3 /* Views */ = {
			isa = PBXGroup;
			children = (
				21D3C1522790834A007CC3D3 /* ContentView.swift */,
				21D3C160279090D3007CC3D3 /* StudentRow.swift */,
				21D3C1642790929E007CC3D3 /* StudentList.swift */,
				21D3C1682790A3A8007CC3D3 /* StudentListViewModel.swift */,
				21D3C1662790A00C007CC3D3 /* StudentView.swift */,
				21D3C16A2790A4DD007CC3D3 /* CombineTest.swift */,
			);
			path = Views;
			sourceTree = "<group>";
		};
		21D3C16327909270007CC3D3 /* Model */ = {
			isa = PBXGroup;
			children = (
				21D3C15E2790903C007CC3D3 /* Student.swift */,
			);
			path = Model;
			sourceTree = "<group>";
		};
/* End PBXGroup section */

/* Begin PBXNativeTarget section */
		21D3C14C2790834A007CC3D3 /* SwiftUI.Students.Class */ = {
			isa = PBXNativeTarget;
			buildConfigurationList = 21D3C15B2790834E007CC3D3 /* Build configuration list for PBXNativeTarget "SwiftUI.Students.Class" */;
			buildPhases = (
				21D3C1492790834A007CC3D3 /* Sources */,
				21D3C14A2790834A007CC3D3 /* Frameworks */,
				21D3C14B2790834A007CC3D3 /* Resources */,
			);
			buildRules = (
			);
			dependencies = (
			);
			name = SwiftUI.Students.Class;
			productName = SwiftUI.Students.Class;
			productReference = 21D3C14D2790834A007CC3D3 /* SwiftUI.Students.Class.app */;
			productType = "com.apple.product-type.application";
		};
/* End PBXNativeTarget section */

/* Begin PBXProject section */
		21D3C1452790834A007CC3D3 /* Project object */ = {
			isa = PBXProject;
			attributes = {
				BuildIndependentTargetsInParallel = 1;
				LastSwiftUpdateCheck = 1320;
				LastUpgradeCheck = 1320;
				TargetAttributes = {
					21D3C14C2790834A007CC3D3 = {
						CreatedOnToolsVersion = 13.2.1;
					};
				};
			};
			buildConfigurationList = 21D3C1482790834A007CC3D3 /* Build configuration list for PBXProject "SwiftUI.Students.Class" */;
			compatibilityVersion = "Xcode 13.0";
			developmentRegion = en;
			hasScannedForEncodings = 0;
			knownRegions = (
				en,
				Base,
			);
			mainGroup = 21D3C1442790834A007CC3D3;
			productRefGroup = 21D3C14E2790834A007CC3D3 /* Products */;
			projectDirPath = "";
			projectRoot = "";
			targets = (
				21D3C14C2790834A007CC3D3 /* SwiftUI.Students.Class */,
			);
		};
/* End PBXProject section */

/* Begin PBXResourcesBuildPhase section */
		21D3C14B2790834A007CC3D3 /* Resources */ = {
			isa = PBXResourcesBuildPhase;
			buildActionMask = 2147483647;
			files = (
				21D3C1582790834E007CC3D3 /* Preview Assets.xcassets in Resources */,
				21D3C1552790834E007CC3D3 /* Assets.xcassets in Resources */,
			);
			runOnlyForDeploymentPostprocessing = 0;
		};
/* End PBXResourcesBuildPhase section */

/* Begin PBXSourcesBuildPhase section */
		21D3C1492790834A007CC3D3 /* Sources */ = {
			isa = PBXSourcesBuildPhase;
			buildActionMask = 2147483647;
			files = (
				21D3C1532790834A007CC3D3 /* ContentView.swift in Sources */,
				21D3C16B2790A4DD007CC3D3 /* CombineTest.swift in Sources */,
				21D3C15F2790903C007CC3D3 /* Student.swift in Sources */,
				21D3C161279090D3007CC3D3 /* StudentRow.swift in Sources */,
				21D3C1512790834A007CC3D3 /* SwiftUI_Students_ClassApp.swift in Sources */,
				21D3C1672790A00C007CC3D3 /* StudentView.swift in Sources */,
				21D3C1692790A3A8007CC3D3 /* StudentListViewModel.swift in Sources */,
				21D3C1652790929E007CC3D3 /* StudentList.swift in Sources */,
			);
			runOnlyForDeploymentPostprocessing = 0;
		};
/* End PBXSourcesBuildPhase section */

/* Begin XCBuildConfiguration section */
		21D3C1592790834E007CC3D3 /* Debug */ = {
			isa = XCBuildConfiguration;
			buildSettings = {
				ALWAYS_SEARCH_USER_PATHS = NO;
				CLANG_ANALYZER_NONNULL = YES;
				CLANG_ANALYZER_NUMBER_OBJECT_CONVERSION = YES_AGGRESSIVE;
				CLANG_CXX_LANGUAGE_STANDARD = "gnu++17";
				CLANG_CXX_LIBRARY = "libc++";
				CLANG_ENABLE_MODULES = YES;
				CLANG_ENABLE_OBJC_ARC = YES;
				CLANG_ENABLE_OBJC_WEAK = YES;
				CLANG_WARN_BLOCK_CAPTURE_AUTORELEASING = YES;
				CLANG_WARN_BOOL_CONVERSION = YES;
				CLANG_WARN_COMMA = YES;
				CLANG_WARN_CONSTANT_CONVERSION = YES;
				CLANG_WARN_DEPRECATED_OBJC_IMPLEMENTATIONS = YES;
				CLANG_WARN_DIRECT_OBJC_ISA_USAGE = YES_ERROR;
				CLANG_WARN_DOCUMENTATION_COMMENTS = YES;
				CLANG_WARN_EMPTY_BODY = YES;
				CLANG_WARN_ENUM_CONVERSION = YES;
				CLANG_WARN_INFINITE_RECURSION = YES;
				CLANG_WARN_INT_CONVERSION = YES;
				CLANG_WARN_NON_LITERAL_NULL_CONVERSION = YES;
				CLANG_WARN_OBJC_IMPLICIT_RETAIN_SELF = YES;
				CLANG_WARN_OBJC_LITERAL_CONVERSION = YES;
				CLANG_WARN_OBJC_ROOT_CLASS = YES_ERROR;
				CLANG_WARN_QUOTED_INCLUDE_IN_FRAMEWORK_HEADER = YES;
				CLANG_WARN_RANGE_LOOP_ANALYSIS = YES;
				CLANG_WARN_STRICT_PROTOTYPES = YES;
				CLANG_WARN_SUSPICIOUS_MOVE = YES;
				CLANG_WARN_UNGUARDED_AVAILABILITY = YES_AGGRESSIVE;
				CLANG_WARN_UNREACHABLE_CODE = YES;
				CLANG_WARN__DUPLICATE_METHOD_MATCH = YES;
				COPY_PHASE_STRIP = NO;
				DEBUG_INFORMATION_FORMAT = dwarf;
				ENABLE_STRICT_OBJC_MSGSEND = YES;
				ENABLE_TESTABILITY = YES;
				GCC_C_LANGUAGE_STANDARD = gnu11;
				GCC_DYNAMIC_NO_PIC = NO;
				GCC_NO_COMMON_BLOCKS = YES;
				GCC_OPTIMIZATION_LEVEL = 0;
				GCC_PREPROCESSOR_DEFINITIONS = (
					"DEBUG=1",
					"$(inherited)",
				);
				GCC_WARN_64_TO_32_BIT_CONVERSION = YES;
				GCC_WARN_ABOUT_RETURN_TYPE = YES_ERROR;
				GCC_WARN_UNDECLARED_SELECTOR = YES;
				GCC_WARN_UNINITIALIZED_AUTOS = YES_AGGRESSIVE;
				GCC_WARN_UNUSED_FUNCTION = YES;
				GCC_WARN_UNUSED_VARIABLE = YES;
				IPHONEOS_DEPLOYMENT_TARGET = 15.2;
				MTL_ENABLE_DEBUG_INFO = INCLUDE_SOURCE;
				MTL_FAST_MATH = YES;
				ONLY_ACTIVE_ARCH = YES;
				SDKROOT = iphoneos;
				SWIFT_ACTIVE_COMPILATION_CONDITIONS = DEBUG;
				SWIFT_OPTIMIZATION_LEVEL = "-Onone";
			};
			name = Debug;
		};
		21D3C15A2790834E007CC3D3 /* Release */ = {
			isa = XCBuildConfiguration;
			buildSettings = {
				ALWAYS_SEARCH_USER_PATHS = NO;
				CLANG_ANALYZER_NONNULL = YES;
				CLANG_ANALYZER_NUMBER_OBJECT_CONVERSION = YES_AGGRESSIVE;
				CLANG_CXX_LANGUAGE_STANDARD = "gnu++17";
				CLANG_CXX_LIBRARY = "libc++";
				CLANG_ENABLE_MODULES = YES;
				CLANG_ENABLE_OBJC_ARC = YES;
				CLANG_ENABLE_OBJC_WEAK = YES;
				CLANG_WARN_BLOCK_CAPTURE_AUTORELEASING = YES;
				CLANG_WARN_BOOL_CONVERSION = YES;
				CLANG_WARN_COMMA = YES;
				CLANG_WARN_CONSTANT_CONVERSION = YES;
				CLANG_WARN_DEPRECATED_OBJC_IMPLEMENTATIONS = YES;
				CLANG_WARN_DIRECT_OBJC_ISA_USAGE = YES_ERROR;
				CLANG_WARN_DOCUMENTATION_COMMENTS = YES;
				CLANG_WARN_EMPTY_BODY = YES;
				CLANG_WARN_ENUM_CONVERSION = YES;
				CLANG_WARN_INFINITE_RECURSION = YES;
				CLANG_WARN_INT_CONVERSION = YES;
				CLANG_WARN_NON_LITERAL_NULL_CONVERSION = YES;
				CLANG_WARN_OBJC_IMPLICIT_RETAIN_SELF = YES;
				CLANG_WARN_OBJC_LITERAL_CONVERSION = YES;
				CLANG_WARN_OBJC_ROOT_CLASS = YES_ERROR;
				CLANG_WARN_QUOTED_INCLUDE_IN_FRAMEWORK_HEADER = YES;
				CLANG_WARN_RANGE_LOOP_ANALYSIS = YES;
				CLANG_WARN_STRICT_PROTOTYPES = YES;
				CLANG_WARN_SUSPICIOUS_MOVE = YES;
				CLANG_WARN_UNGUARDED_AVAILABILITY = YES_AGGRESSIVE;
				CLANG_WARN_UNREACHABLE_CODE = YES;
				CLANG_WARN__DUPLICATE_METHOD_MATCH = YES;
				COPY_PHASE_STRIP = NO;
				DEBUG_INFORMATION_FORMAT = "dwarf-with-dsym";
				ENABLE_NS_ASSERTIONS = NO;
				ENABLE_STRICT_OBJC_MSGSEND = YES;
				GCC_C_LANGUAGE_STANDARD = gnu11;
				GCC_NO_COMMON_BLOCKS = YES;
				GCC_WARN_64_TO_32_BIT_CONVERSION = YES;
				GCC_WARN_ABOUT_RETURN_TYPE = YES_ERROR;
				GCC_WARN_UNDECLARED_SELECTOR = YES;
				GCC_WARN_UNINITIALIZED_AUTOS = YES_AGGRESSIVE;
				GCC_WARN_UNUSED_FUNCTION = YES;
				GCC_WARN_UNUSED_VARIABLE = YES;
				IPHONEOS_DEPLOYMENT_TARGET = 15.2;
				MTL_ENABLE_DEBUG_INFO = NO;
				MTL_FAST_MATH = YES;
				SDKROOT = iphoneos;
				SWIFT_COMPILATION_MODE = wholemodule;
				SWIFT_OPTIMIZATION_LEVEL = "-O";
				VALIDATE_PRODUCT = YES;
			};
			name = Release;
		};
		21D3C15C2790834E007CC3D3 /* Debug */ = {
			isa = XCBuildConfiguration;
			buildSettings = {
				ASSETCATALOG_COMPILER_APPICON_NAME = AppIcon;
				ASSETCATALOG_COMPILER_GLOBAL_ACCENT_COLOR_NAME = AccentColor;
				CODE_SIGN_STYLE = Automatic;
				CURRENT_PROJECT_VERSION = 1;
				DEVELOPMENT_ASSET_PATHS = "\"SwiftUI.Students.Class/Preview Content\"";
				ENABLE_PREVIEWS = YES;
				GENERATE_INFOPLIST_FILE = YES;
				INFOPLIST_KEY_UIApplicationSceneManifest_Generation = YES;
				INFOPLIST_KEY_UIApplicationSupportsIndirectInputEvents = YES;
				INFOPLIST_KEY_UILaunchScreen_Generation = YES;
				INFOPLIST_KEY_UISupportedInterfaceOrientations_iPad = "UIInterfaceOrientationPortrait UIInterfaceOrientationPortraitUpsideDown UIInterfaceOrientationLandscapeLeft UIInterfaceOrientationLandscapeRight";
				INFOPLIST_KEY_UISupportedInterfaceOrientations_iPhone = "UIInterfaceOrientationPortrait UIInterfaceOrientationLandscapeLeft UIInterfaceOrientationLandscapeRight";
				LD_RUNPATH_SEARCH_PATHS = (
					"$(inherited)",
					"@executable_path/Frameworks",
				);
				MARKETING_VERSION = 1.0;
				PRODUCT_BUNDLE_IDENTIFIER = "by.teachmeskills.SwiftUI-Students-Class";
				PRODUCT_NAME = "$(TARGET_NAME)";
				SWIFT_EMIT_LOC_STRINGS = YES;
				SWIFT_VERSION = 5.0;
				TARGETED_DEVICE_FAMILY = "1,2";
			};
			name = Debug;
		};
		21D3C15D2790834E007CC3D3 /* Release */ = {
			isa = XCBuildConfiguration;
			buildSettings = {
				ASSETCATALOG_COMPILER_APPICON_NAME = AppIcon;
				ASSETCATALOG_COMPILER_GLOBAL_ACCENT_COLOR_NAME = AccentColor;
				CODE_SIGN_STYLE = Automatic;
				CURRENT_PROJECT_VERSION = 1;
				DEVELOPMENT_ASSET_PATHS = "\"SwiftUI.Students.Class/Preview Content\"";
				ENABLE_PREVIEWS = YES;
				GENERATE_INFOPLIST_FILE = YES;
				INFOPLIST_KEY_UIApplicationSceneManifest_Generation = YES;
				INFOPLIST_KEY_UIApplicationSupportsIndirectInputEvents = YES;
				INFOPLIST_KEY_UILaunchScreen_Generation = YES;
				INFOPLIST_KEY_UISupportedInterfaceOrientations_iPad = "UIInterfaceOrientationPortrait UIInterfaceOrientationPortraitUpsideDown UIInterfaceOrientationLandscapeLeft UIInterfaceOrientationLandscapeRight";
				INFOPLIST_KEY_UISupportedInterfaceOrientations_iPhone = "UIInterfaceOrientationPortrait UIInterfaceOrientationLandscapeLeft UIInterfaceOrientationLandscapeRight";
				LD_RUNPATH_SEARCH_PATHS = (
					"$(inherited)",
					"@executable_path/Frameworks",
				);
				MARKETING_VERSION = 1.0;
				PRODUCT_BUNDLE_IDENTIFIER = "by.teachmeskills.SwiftUI-Students-Class";
				PRODUCT_NAME = "$(TARGET_NAME)";
				SWIFT_EMIT_LOC_STRINGS = YES;
				SWIFT_VERSION = 5.0;
				TARGETED_DEVICE_FAMILY = "1,2";
			};
			name = Release;
		};
/* End XCBuildConfiguration section */

/* Begin XCConfigurationList section */
		21D3C1482790834A007CC3D3 /* Build configuration list for PBXProject "SwiftUI.Students.Class" */ = {
			isa = XCConfigurationList;
			buildConfigurations = (
				21D3C1592790834E007CC3D3 /* Debug */,
				21D3C15A2790834E007CC3D3 /* Release */,
			);
			defaultConfigurationIsVisible = 0;
			defaultConfigurationName = Release;
		};
		21D3C15B2790834E007CC3D3 /* Build configuration list for PBXNativeTarget "SwiftUI.Students.Class" */ = {
			isa = XCConfigurationList;
			buildConfigurations = (
				21D3C15C2790834E007CC3D3 /* Debug */,
				21D3C15D2790834E007CC3D3 /* Release */,
			);
			defaultConfigurationIsVisible = 0;
			defaultConfigurationName = Release;
		};
/* End XCConfigurationList section */
	};
	rootObject = 21D3C1452790834A007CC3D3 /* Project object */;
}
